
Microsoft Visual Studio Solution File, Format Version 12.00
# Visual Studio Version 17
VisualStudioVersion = 17.7.34009.444
MinimumVisualStudioVersion = 10.0.40219.1
Project("{9A19103F-16F7-4668-BE54-9A1E7A4F7556}") = "SMCinema.Infrastructure", "SMCinema.Infrastructure\SMCinema.Infrastructure.csproj", "{32BE4639-D775-4554-A8F4-A3936B290BBC}"
EndProject
Project("{9A19103F-16F7-4668-BE54-9A1E7A4F7556}") = "SMCinema.Core", "SMCinema.Core\SMCinema.Core.csproj", "{E89ED858-C242-4D5E-BA3F-ED783266C64D}"
EndProject
Project("{9A19103F-16F7-4668-BE54-9A1E7A4F7556}") = "SMCinema.Domain", "SMCinema.Domain\SMCinema.Domain.csproj", "{A65A09AD-9E93-4F3F-BDF4-67166ACD309B}"
EndProject
Project("{FAE04EC0-301F-11D3-BF4B-00C04F79EFBC}") = "SMCinema.AppService", "SMCinema.AppService\SMCinema.AppService.csproj", "{B7B7AF73-3CC7-4F10-AAC1-3456632AD075}"
EndProject
Global
	GlobalSection(SolutionConfigurationPlatforms) = preSolution
		Debug|Any CPU = Debug|Any CPU
		Release|Any CPU = Release|Any CPU
	EndGlobalSection
	GlobalSection(ProjectConfigurationPlatforms) = postSolution
		{32BE4639-D775-4554-A8F4-A3936B290BBC}.Debug|Any CPU.ActiveCfg = Debug|Any CPU
		{32BE4639-D775-4554-A8F4-A3936B290BBC}.Debug|Any CPU.Build.0 = Debug|Any CPU
		{32BE4639-D775-4554-A8F4-A3936B290BBC}.Release|Any CPU.ActiveCfg = Release|Any CPU
		{32BE4639-D775-4554-A8F4-A3936B290BBC}.Release|Any CPU.Build.0 = Release|Any CPU
		{E89ED858-C242-4D5E-BA3F-ED783266C64D}.Debug|Any CPU.ActiveCfg = Debug|Any CPU
		{E89ED858-C242-4D5E-BA3F-ED783266C64D}.Debug|Any CPU.Build.0 = Debug|Any CPU
		{E89ED858-C242-4D5E-BA3F-ED783266C64D}.Release|Any CPU.ActiveCfg = Release|Any CPU
		{E89ED858-C242-4D5E-BA3F-ED783266C64D}.Release|Any CPU.Build.0 = Release|Any CPU
		{A65A09AD-9E93-4F3F-BDF4-67166ACD309B}.Debug|Any CPU.ActiveCfg = Debug|Any CPU
		{A65A09AD-9E93-4F3F-BDF4-67166ACD309B}.Debug|Any CPU.Build.0 = Debug|Any CPU
		{A65A09AD-9E93-4F3F-BDF4-67166ACD309B}.Release|Any CPU.ActiveCfg = Release|Any CPU
		{A65A09AD-9E93-4F3F-BDF4-67166ACD309B}.Release|Any CPU.Build.0 = Release|Any CPU
		{B7B7AF73-3CC7-4F10-AAC1-3456632AD075}.Debug|Any CPU.ActiveCfg = Debug|Any CPU
		{B7B7AF73-3CC7-4F10-AAC1-3456632AD075}.Debug|Any CPU.Build.0 = Debug|Any CPU
		{B7B7AF73-3CC7-4F10-AAC1-3456632AD075}.Release|Any CPU.ActiveCfg = Release|Any CPU
		{B7B7AF73-3CC7-4F10-AAC1-3456632AD075}.Release|Any CPU.Build.0 = Release|Any CPU
	EndGlobalSection
	GlobalSection(SolutionProperties) = preSolution
		HideSolutionNode = FALSE
	EndGlobalSection
	GlobalSection(ExtensibilityGlobals) = postSolution
		SolutionGuid = {F9A57E13-7240-4EC4-BBDC-59BAE64ED5A4}
	EndGlobalSection
EndGlobal
